
Microsoft Visual Studio Solution File, Format Version 12.00
# Visual Studio Version 17
VisualStudioVersion = 17.10.34916.146
MinimumVisualStudioVersion = 10.0.40219.1
Project("{FAE04EC0-301F-11D3-BF4B-00C04F79EFBC}") = "BlazorAppTestAccounts15AUG", "BlazorAppTestAccounts15AUG\BlazorAppTestAccounts15AUG.csproj", "{45AC3F0B-2DBB-4018-8A91-6FFB1D7C10F4}"
EndProject
Global
	GlobalSection(SolutionConfigurationPlatforms) = preSolution
		Debug|Any CPU = Debug|Any CPU
		Release|Any CPU = Release|Any CPU
	EndGlobalSection
	GlobalSection(ProjectConfigurationPlatforms) = postSolution
		{45AC3F0B-2DBB-4018-8A91-6FFB1D7C10F4}.Debug|Any CPU.ActiveCfg = Debug|Any CPU
		{45AC3F0B-2DBB-4018-8A91-6FFB1D7C10F4}.Debug|Any CPU.Build.0 = Debug|Any CPU
		{45AC3F0B-2DBB-4018-8A91-6FFB1D7C10F4}.Release|Any CPU.ActiveCfg = Release|Any CPU
		{45AC3F0B-2DBB-4018-8A91-6FFB1D7C10F4}.Release|Any CPU.Build.0 = Release|Any CPU
	EndGlobalSection
	GlobalSection(SolutionProperties) = preSolution
		HideSolutionNode = FALSE
	EndGlobalSection
	GlobalSection(ExtensibilityGlobals) = postSolution
		SolutionGuid = {910C2104-B857-4D20-A4E5-DFB217599839}
	EndGlobalSection
EndGlobal
